
Microsoft Visual Studio Solution File, Format Version 12.00
# Visual Studio Version 16
VisualStudioVersion = 25.0.1706.12
MinimumVisualStudioVersion = 10.0.40219.1
Project("{FAE04EC0-301F-11D3-BF4B-00C04F79EFBC}") = "lapora-ktm-api", "lapora-ktm-api\lapora-ktm-api.csproj", "{ED831978-FCA6-4F45-A904-D4CA29D0ACC7}"
EndProject
Global
	GlobalSection(SolutionConfigurationPlatforms) = preSolution
		Debug|Any CPU = Debug|Any CPU
		Release|Any CPU = Release|Any CPU
	EndGlobalSection
	GlobalSection(ProjectConfigurationPlatforms) = postSolution
		{ED831978-FCA6-4F45-A904-D4CA29D0ACC7}.Debug|Any CPU.ActiveCfg = Debug|Any CPU
		{ED831978-FCA6-4F45-A904-D4CA29D0ACC7}.Debug|Any CPU.Build.0 = Debug|Any CPU
		{ED831978-FCA6-4F45-A904-D4CA29D0ACC7}.Release|Any CPU.ActiveCfg = Release|Any CPU
		{ED831978-FCA6-4F45-A904-D4CA29D0ACC7}.Release|Any CPU.Build.0 = Release|Any CPU
	EndGlobalSection
	GlobalSection(SolutionProperties) = preSolution
		HideSolutionNode = FALSE
	EndGlobalSection
	GlobalSection(ExtensibilityGlobals) = postSolution
		SolutionGuid = {D2DA1CA1-8698-4F70-A9B1-66B15C84897A}
	EndGlobalSection
EndGlobal
